lockfile_version: '1'
generated_at: '2026-04-30T19:32:55.853038+00:00'
dependencies: []
local_deployed_files:
- .claude/commands/ship-status-dev-app.md
- .claude/commands/ship-status-dev-bdd.md
- .claude/commands/ship-status-dev-e2e.md
- .claude/commands/ship-status-dev-frontend.md
- .claude/commands/ship-status-dev-lint.md
- .claude/commands/ship-status-dev-migrate.md
- .claude/commands/ship-status-dev-prettier.md
- .claude/commands/ship-status-dev-serve.md
- .claude/commands/ship-status-dev-setup.md
- .claude/commands/ship-status-dev-tests.md
- .claude/rules/backend.md
- .claude/rules/dev-commands.md
- .claude/rules/docs.md
- .claude/rules/frontend.md
- .claude/rules/general.md
- .claude/rules/mcp.md
- .claude/rules/security.md
- .claude/rules/ship-status-dev.md
- .claude/rules/testing.md
- .cursor/commands/ship-status-dev-app.md
- .cursor/commands/ship-status-dev-bdd.md
- .cursor/commands/ship-status-dev-e2e.md
- .cursor/commands/ship-status-dev-frontend.md
- .cursor/commands/ship-status-dev-lint.md
- .cursor/commands/ship-status-dev-migrate.md
- .cursor/commands/ship-status-dev-prettier.md
- .cursor/commands/ship-status-dev-serve.md
- .cursor/commands/ship-status-dev-setup.md
- .cursor/commands/ship-status-dev-tests.md
- .cursor/rules/backend.mdc
- .cursor/rules/dev-commands.mdc
- .cursor/rules/docs.mdc
- .cursor/rules/frontend.mdc
- .cursor/rules/general.mdc
- .cursor/rules/mcp.mdc
- .cursor/rules/security.mdc
- .cursor/rules/ship-status-dev.mdc
- .cursor/rules/testing.mdc
- .gemini/commands/ship-status-dev-app.toml
- .gemini/commands/ship-status-dev-bdd.toml
- .gemini/commands/ship-status-dev-e2e.toml
- .gemini/commands/ship-status-dev-frontend.toml
- .gemini/commands/ship-status-dev-lint.toml
- .gemini/commands/ship-status-dev-migrate.toml
- .gemini/commands/ship-status-dev-prettier.toml
- .gemini/commands/ship-status-dev-serve.toml
- .gemini/commands/ship-status-dev-setup.toml
- .gemini/commands/ship-status-dev-tests.toml
- .opencode/commands/ship-status-dev-app.md
- .opencode/commands/ship-status-dev-bdd.md
- .opencode/commands/ship-status-dev-e2e.md
- .opencode/commands/ship-status-dev-frontend.md
- .opencode/commands/ship-status-dev-lint.md
- .opencode/commands/ship-status-dev-migrate.md
- .opencode/commands/ship-status-dev-prettier.md
- .opencode/commands/ship-status-dev-serve.md
- .opencode/commands/ship-status-dev-setup.md
- .opencode/commands/ship-status-dev-tests.md
local_deployed_file_hashes:
  .claude/commands/ship-status-dev-app.md: sha256:399489e7f0c49d44a4e5be73ab27c948c0127c799c4c5d8e29699d30c0e4369e
  .claude/commands/ship-status-dev-bdd.md: sha256:bc2300bae01412086d0486958dd90e3e898a11090fcfd40910029c969c8525e2
  .claude/commands/ship-status-dev-e2e.md: sha256:78f1ad93a91934b5f9979e4919d26a3dab21a66a03ece542a7676e19c1b602a2
  .claude/commands/ship-status-dev-frontend.md: sha256:aeb873545eba135332f12f6115c6b6c0a3c8279fdf3a9a15b6ee112480d172d9
  .claude/commands/ship-status-dev-lint.md: sha256:c808f3e457941b90e564553fda8435ad8f87bdbc87d4523a03d0b8ef189e40e7
  .claude/commands/ship-status-dev-migrate.md: sha256:636507ec2efa52bcd48ba6c826dd78a4dc2bdeff479f5cea8e9ef07162010314
  .claude/commands/ship-status-dev-prettier.md: sha256:e1be3c6c942a184385a52d932ee69d46b3ee7303ef1aede2f16068026a41719b
  .claude/commands/ship-status-dev-serve.md: sha256:cf7e90e5ab487fb32ad9e7ca49ad4515a60f9622cc222f4bbecdc150ded8d77b
  .claude/commands/ship-status-dev-setup.md: sha256:b71cfc161980d11cfebc8ac196b146673adf7eda0fc0dfd2ef6f7efec7463405
  .claude/commands/ship-status-dev-tests.md: sha256:d7619ec8c1132a17140639c7bb1424feff9db1a671325d0575763e5ce85b4935
  .claude/rules/backend.md: sha256:c8335b6f0b275cabd2c2d4b939ca9cd98339587a9e2a4d522fa8342b7be0e8ef
  .claude/rules/dev-commands.md: sha256:0b6080c22cb8535b33aa629badcdfab5dc8fe570a354bd1d5887bde20505bb7f
  .claude/rules/docs.md: sha256:7e48e5063c9f4add7671edccb4d6a35d6133b06adf254950d8d3e3db1cab2d24
  .claude/rules/frontend.md: sha256:f765c59683850bcbb7c9cddcf9e5f41b27b64d6512e907c08ab9328a9e760bce
  .claude/rules/general.md: sha256:0a989e942aa4720d9991056c25f6c6f86f050175e862e6541a75b69d98d232ff
  .claude/rules/mcp.md: sha256:02e5b28c553bb091d7d021f60787602fb57da4886e8ed91d78a6e2a345cf5204
  .claude/rules/security.md: sha256:8541cd9864adae8626ce9f798dfc1ce532b3109b463565b86f05da5c4749f39b
  .claude/rules/ship-status-dev.md: sha256:4ce34ab00601384e569b2bc032e64e59a55309c603a61254d45c1eb47a17c357
  .claude/rules/testing.md: sha256:53fb5c7bb3090305af7c8ee823bf3150dc93c1c7e8bfbd9f9f999ce61e4b46e7
  .cursor/commands/ship-status-dev-app.md: sha256:399489e7f0c49d44a4e5be73ab27c948c0127c799c4c5d8e29699d30c0e4369e
  .cursor/commands/ship-status-dev-bdd.md: sha256:bc2300bae01412086d0486958dd90e3e898a11090fcfd40910029c969c8525e2
  .cursor/commands/ship-status-dev-e2e.md: sha256:78f1ad93a91934b5f9979e4919d26a3dab21a66a03ece542a7676e19c1b602a2
  .cursor/commands/ship-status-dev-frontend.md: sha256:aeb873545eba135332f12f6115c6b6c0a3c8279fdf3a9a15b6ee112480d172d9
  .cursor/commands/ship-status-dev-lint.md: sha256:c808f3e457941b90e564553fda8435ad8f87bdbc87d4523a03d0b8ef189e40e7
  .cursor/commands/ship-status-dev-migrate.md: sha256:636507ec2efa52bcd48ba6c826dd78a4dc2bdeff479f5cea8e9ef07162010314
  .cursor/commands/ship-status-dev-prettier.md: sha256:e1be3c6c942a184385a52d932ee69d46b3ee7303ef1aede2f16068026a41719b
  .cursor/commands/ship-status-dev-serve.md: sha256:cf7e90e5ab487fb32ad9e7ca49ad4515a60f9622cc222f4bbecdc150ded8d77b
  .cursor/commands/ship-status-dev-setup.md: sha256:b71cfc161980d11cfebc8ac196b146673adf7eda0fc0dfd2ef6f7efec7463405
  .cursor/commands/ship-status-dev-tests.md: sha256:d7619ec8c1132a17140639c7bb1424feff9db1a671325d0575763e5ce85b4935
  .cursor/rules/backend.mdc: sha256:f019aa8c86a159a00b80aa4105faf3b2ebcfaa828c96b61f85cfe7585c2d27e9
  .cursor/rules/dev-commands.mdc: sha256:14c22708d52597187adf7411054bc09c016bf68e3bcfa75858309b589e6e745a
  .cursor/rules/docs.mdc: sha256:a3865dc06068a2e11b6765839b539e8a90fb1b94b6921c6af47896afe283fbee
  .cursor/rules/frontend.mdc: sha256:599aca2a3ddb2887664eff069d92284ad1ee3c6326c14bd07821c0b9f213dcf9
  .cursor/rules/general.mdc: sha256:92a1979bad49f1805051166911eddf1015c27be11cd930f36eaefa443080ac2a
  .cursor/rules/mcp.mdc: sha256:40785f374f0e451757d89052ce69e66d794788b19dce69eaa1968c4855e20754
  .cursor/rules/security.mdc: sha256:884490cfccddd945852388251761a35eaa3318aa25ff527197816c70d7f6bb6e
  .cursor/rules/ship-status-dev.mdc: sha256:f30f3f9761fe72fc93f4b41788a47494f9adc481d8a829712fb543ddf37ad7fd
  .cursor/rules/testing.mdc: sha256:aa780f044737b47e96ca00fbdd3dadcf062bf8e2d2a08f44e696a17a03ea18de
  .gemini/commands/ship-status-dev-app.toml: sha256:9699fca0ca9b16dba0c9563ba4a65d4f04ce5ca07ca9b88bf1d7e0bb666184d7
  .gemini/commands/ship-status-dev-bdd.toml: sha256:673922c7941aecbd2370032caad15bc8b16e5febed57f22f8101e0f4c0b99663
  .gemini/commands/ship-status-dev-e2e.toml: sha256:b101d8a4b13b84cc140ff642f8442dc32a6728227271b5adaf49054389cddb00
  .gemini/commands/ship-status-dev-frontend.toml: sha256:54a76f3bc6b15837e7859e97997e6bc3eb31d746ecefae29b8df60db6133fbba
  .gemini/commands/ship-status-dev-lint.toml: sha256:11b98a8799556c6a0d98aa492f672f680f170bf1c9fb7d0dffcb72ad139eff16
  .gemini/commands/ship-status-dev-migrate.toml: sha256:1ee5aab78291727c1f113563fd18515c5e1734fe85a0877cd5906cdc0b96e2ab
  .gemini/commands/ship-status-dev-prettier.toml: sha256:1b6ba798dbf8e0726375bacd904100d86b6c807a4e72876e9c4b2fc8f21ec615
  .gemini/commands/ship-status-dev-serve.toml: sha256:744413a817fb79f1d4f516663ad3d5ff56cb97e14ad7a211d0295c62dcc35f94
  .gemini/commands/ship-status-dev-setup.toml: sha256:9d11a6ba7639be3c280d71b44d7152eaa7b4a59137dd0e8d4b42ff2fbc264f15
  .gemini/commands/ship-status-dev-tests.toml: sha256:0546d36ffb0fae79ed5fa78fe5ff9b796abeae46f6dae8d74f2ea1a7fc6c5679
  .opencode/commands/ship-status-dev-app.md: sha256:399489e7f0c49d44a4e5be73ab27c948c0127c799c4c5d8e29699d30c0e4369e
  .opencode/commands/ship-status-dev-bdd.md: sha256:bc2300bae01412086d0486958dd90e3e898a11090fcfd40910029c969c8525e2
  .opencode/commands/ship-status-dev-e2e.md: sha256:78f1ad93a91934b5f9979e4919d26a3dab21a66a03ece542a7676e19c1b602a2
  .opencode/commands/ship-status-dev-frontend.md: sha256:aeb873545eba135332f12f6115c6b6c0a3c8279fdf3a9a15b6ee112480d172d9
  .opencode/commands/ship-status-dev-lint.md: sha256:c808f3e457941b90e564553fda8435ad8f87bdbc87d4523a03d0b8ef189e40e7
  .opencode/commands/ship-status-dev-migrate.md: sha256:636507ec2efa52bcd48ba6c826dd78a4dc2bdeff479f5cea8e9ef07162010314
  .opencode/commands/ship-status-dev-prettier.md: sha256:e1be3c6c942a184385a52d932ee69d46b3ee7303ef1aede2f16068026a41719b
  .opencode/commands/ship-status-dev-serve.md: sha256:cf7e90e5ab487fb32ad9e7ca49ad4515a60f9622cc222f4bbecdc150ded8d77b
  .opencode/commands/ship-status-dev-setup.md: sha256:b71cfc161980d11cfebc8ac196b146673adf7eda0fc0dfd2ef6f7efec7463405
  .opencode/commands/ship-status-dev-tests.md: sha256:d7619ec8c1132a17140639c7bb1424feff9db1a671325d0575763e5ce85b4935
